
Microsoft Visual Studio Solution File, Format Version 12.00
# Visual Studio 11
Project("{FAE04EC0-301F-11D3-BF4B-00C04F79EFBC}") = "Burr", "Burr\Burr.csproj", "{08DD4305-7787-4823-A53F-4D0F725A07F3}"
EndProject
Project("{FAE04EC0-301F-11D3-BF4B-00C04F79EFBC}") = "Burr.Tests", "Burr.Tests\Burr.Tests.csproj", "{149448D4-C2F2-4DF9-86BD-03E3272F093B}"
EndProject
Global
	GlobalSection(SolutionConfigurationPlatforms) = preSolution
		Debug|ARM = Debug|ARM
		Debug|Any CPU = Debug|Any CPU
		Debug|x64 = Debug|x64
		Debug|x86 = Debug|x86
		Release|ARM = Release|ARM
		Release|Any CPU = Release|Any CPU
		Release|x64 = Release|x64
		Release|x86 = Release|x86
	EndGlobalSection
	GlobalSection(ProjectConfigurationPlatforms) = postSolution
		{08DD4305-7787-4823-A53F-4D0F725A07F3}.Debug|ARM.ActiveCfg = Debug|Any CPU
		{08DD4305-7787-4823-A53F-4D0F725A07F3}.Debug|Any CPU.ActiveCfg = Debug|Any CPU
		{08DD4305-7787-4823-A53F-4D0F725A07F3}.Debug|Any CPU.Build.0 = Debug|Any CPU
		{08DD4305-7787-4823-A53F-4D0F725A07F3}.Debug|x64.ActiveCfg = Debug|Any CPU
		{08DD4305-7787-4823-A53F-4D0F725A07F3}.Debug|x86.ActiveCfg = Debug|Any CPU
		{08DD4305-7787-4823-A53F-4D0F725A07F3}.Release|ARM.ActiveCfg = Release|Any CPU
		{08DD4305-7787-4823-A53F-4D0F725A07F3}.Release|Any CPU.ActiveCfg = Release|Any CPU
		{08DD4305-7787-4823-A53F-4D0F725A07F3}.Release|Any CPU.Build.0 = Release|Any CPU
		{08DD4305-7787-4823-A53F-4D0F725A07F3}.Release|x64.ActiveCfg = Release|Any CPU
		{08DD4305-7787-4823-A53F-4D0F725A07F3}.Release|x86.ActiveCfg = Release|Any CPU
		{149448D4-C2F2-4DF9-86BD-03E3272F093B}.Debug|ARM.ActiveCfg = Debug|Any CPU
		{149448D4-C2F2-4DF9-86BD-03E3272F093B}.Debug|Any CPU.ActiveCfg = Debug|Any CPU
		{149448D4-C2F2-4DF9-86BD-03E3272F093B}.Debug|Any CPU.Build.0 = Debug|Any CPU
		{149448D4-C2F2-4DF9-86BD-03E3272F093B}.Debug|x64.ActiveCfg = Debug|Any CPU
		{149448D4-C2F2-4DF9-86BD-03E3272F093B}.Debug|x86.ActiveCfg = Debug|Any CPU
		{149448D4-C2F2-4DF9-86BD-03E3272F093B}.Release|ARM.ActiveCfg = Release|Any CPU
		{149448D4-C2F2-4DF9-86BD-03E3272F093B}.Release|Any CPU.ActiveCfg = Release|Any CPU
		{149448D4-C2F2-4DF9-86BD-03E3272F093B}.Release|Any CPU.Build.0 = Release|Any CPU
		{149448D4-C2F2-4DF9-86BD-03E3272F093B}.Release|x64.ActiveCfg = Release|Any CPU
		{149448D4-C2F2-4DF9-86BD-03E3272F093B}.Release|x86.ActiveCfg = Release|Any CPU
	EndGlobalSection
	GlobalSection(SolutionProperties) = preSolution
		HideSolutionNode = FALSE
	EndGlobalSection
EndGlobal
