
Microsoft Visual Studio Solution File, Format Version 11.00
# Visual Studio 2010
Project("{FAE04EC0-301F-11D3-BF4B-00C04F79EFBC}") = "Octokit-MonoAndroid", "Octokit\Octokit-MonoAndroid.csproj", "{B24FC6FA-B80C-4EC7-8AFF-05DE2C923869}"
EndProject
Project("{FAE04EC0-301F-11D3-BF4B-00C04F79EFBC}") = "Octokit.Reactive-MonoAndroid", "Octokit.Reactive\Octokit.Reactive-MonoAndroid.csproj", "{B24FC6FF-0801-4FC7-8AFF-05DE2C923869}"
EndProject
Project("{FAE04EC0-301F-11D3-BF4B-00C04F79EFBC}") = "Octokit-Monotouch", "Octokit\Octokit-Monotouch.csproj", "{E4AD1421-8844-4236-9A0B-C4D96AF53908}"
EndProject
Project("{FAE04EC0-301F-11D3-BF4B-00C04F79EFBC}") = "Octokit.Reactive-Monotouch", "Octokit.Reactive\Octokit.Reactive-Monotouch.csproj", "{F4ADA431-8344-4B36-9A0B-C4D96AF53908}"
EndProject
Project("{FAE04EC0-301F-11D3-BF4B-00C04F79EFBC}") = "Octokit-Mono", "Octokit\Octokit-Mono.csproj", "{49EF16A2-5ED1-480F-80A1-D1D05D6C1BE4}"
EndProject
Project("{FAE04EC0-301F-11D3-BF4B-00C04F79EFBC}") = "Octokit.Reactive-Mono", "Octokit.Reactive\Octokit.Reactive-Mono.csproj", "{59AB16A2-5ED1-480F-80A1-D1D05D6C1BE4}"
EndProject
Global
	GlobalSection(SolutionConfigurationPlatforms) = preSolution
		Debug|Any CPU = Debug|Any CPU
		Release|Any CPU = Release|Any CPU
	EndGlobalSection
	GlobalSection(ProjectConfigurationPlatforms) = postSolution
		{49EF16A2-5ED1-480F-80A1-D1D05D6C1BE4}.Debug|Any CPU.ActiveCfg = Debug|Any CPU
		{49EF16A2-5ED1-480F-80A1-D1D05D6C1BE4}.Debug|Any CPU.Build.0 = Debug|Any CPU
		{49EF16A2-5ED1-480F-80A1-D1D05D6C1BE4}.Release|Any CPU.ActiveCfg = Release|Any CPU
		{49EF16A2-5ED1-480F-80A1-D1D05D6C1BE4}.Release|Any CPU.Build.0 = Release|Any CPU
		{59AB16A2-5ED1-480F-80A1-D1D05D6C1BE4}.Debug|Any CPU.ActiveCfg = Debug|Any CPU
		{59AB16A2-5ED1-480F-80A1-D1D05D6C1BE4}.Debug|Any CPU.Build.0 = Debug|Any CPU
		{59AB16A2-5ED1-480F-80A1-D1D05D6C1BE4}.Release|Any CPU.ActiveCfg = Release|Any CPU
		{59AB16A2-5ED1-480F-80A1-D1D05D6C1BE4}.Release|Any CPU.Build.0 = Release|Any CPU
		{B24FC6FA-B80C-4EC7-8AFF-05DE2C923869}.Debug|Any CPU.ActiveCfg = Debug|Any CPU
		{B24FC6FA-B80C-4EC7-8AFF-05DE2C923869}.Debug|Any CPU.Build.0 = Debug|Any CPU
		{B24FC6FA-B80C-4EC7-8AFF-05DE2C923869}.Release|Any CPU.ActiveCfg = Release|Any CPU
		{B24FC6FA-B80C-4EC7-8AFF-05DE2C923869}.Release|Any CPU.Build.0 = Release|Any CPU
		{B24FC6FF-0801-4FC7-8AFF-05DE2C923869}.Debug|Any CPU.ActiveCfg = Debug|Any CPU
		{B24FC6FF-0801-4FC7-8AFF-05DE2C923869}.Debug|Any CPU.Build.0 = Debug|Any CPU
		{B24FC6FF-0801-4FC7-8AFF-05DE2C923869}.Release|Any CPU.ActiveCfg = Release|Any CPU
		{B24FC6FF-0801-4FC7-8AFF-05DE2C923869}.Release|Any CPU.Build.0 = Release|Any CPU
		{E4AD1421-8844-4236-9A0B-C4D96AF53908}.Debug|Any CPU.ActiveCfg = Debug|Any CPU
		{E4AD1421-8844-4236-9A0B-C4D96AF53908}.Debug|Any CPU.Build.0 = Debug|Any CPU
		{E4AD1421-8844-4236-9A0B-C4D96AF53908}.Release|Any CPU.ActiveCfg = Release|Any CPU
		{E4AD1421-8844-4236-9A0B-C4D96AF53908}.Release|Any CPU.Build.0 = Release|Any CPU
		{F4ADA431-8344-4B36-9A0B-C4D96AF53908}.Debug|Any CPU.ActiveCfg = Debug|Any CPU
		{F4ADA431-8344-4B36-9A0B-C4D96AF53908}.Debug|Any CPU.Build.0 = Debug|Any CPU
		{F4ADA431-8344-4B36-9A0B-C4D96AF53908}.Release|Any CPU.ActiveCfg = Release|Any CPU
		{F4ADA431-8344-4B36-9A0B-C4D96AF53908}.Release|Any CPU.Build.0 = Release|Any CPU
	EndGlobalSection
	GlobalSection(MonoDevelopProperties) = preSolution
		StartupItem = Octokit\Octokit-MonoAndroid.csproj
		Policies = $0
		$0.TextStylePolicy = $1
		$1.inheritsSet = VisualStudio
		$1.inheritsScope = text/plain
		$1.scope = text/plain
		$0.CSharpFormattingPolicy = $2
		$2.IndentSwitchBody = True
		$2.IndentBlocksInsideExpressions = True
		$2.AnonymousMethodBraceStyle = NextLine
		$2.PropertyBraceStyle = NextLine
		$2.PropertyGetBraceStyle = NextLine
		$2.PropertySetBraceStyle = NextLine
		$2.EventBraceStyle = NextLine
		$2.EventAddBraceStyle = NextLine
		$2.EventRemoveBraceStyle = NextLine
		$2.StatementBraceStyle = NextLine
		$2.ElseNewLinePlacement = NewLine
		$2.CatchNewLinePlacement = NewLine
		$2.FinallyNewLinePlacement = NewLine
		$2.WhileNewLinePlacement = DoNotCare
		$2.ArrayInitializerWrapping = DoNotChange
		$2.ArrayInitializerBraceStyle = NextLine
		$2.BeforeMethodDeclarationParentheses = False
		$2.BeforeMethodCallParentheses = False
		$2.BeforeConstructorDeclarationParentheses = False
		$2.NewLineBeforeConstructorInitializerColon = NewLine
		$2.NewLineAfterConstructorInitializerColon = SameLine
		$2.BeforeDelegateDeclarationParentheses = False
		$2.NewParentheses = False
		$2.SpacesBeforeBrackets = False
		$2.inheritsSet = Mono
		$2.inheritsScope = text/x-csharp
		$2.scope = text/x-csharp
	EndGlobalSection
EndGlobal
