
Microsoft Visual Studio Solution File, Format Version 12.00
# Visual Studio 2012
Project("{FAE04EC0-301F-11D3-BF4B-00C04F79EFBC}") = "Octokit", "Octokit\Octokit.csproj", "{08DD4305-7787-4823-A53F-4D0F725A07F3}"
EndProject
Project("{FAE04EC0-301F-11D3-BF4B-00C04F79EFBC}") = "Octokit-Portable", "Octokit\Octokit-Portable.csproj", "{DDB20481-E17D-4E0A-B2C0-FFFF78D4ED71}"
EndProject
Project("{FAE04EC0-301F-11D3-BF4B-00C04F79EFBC}") = "Octokit-Mono", "Octokit\Octokit-Mono.csproj", "{49EF16A2-5ED1-480F-80A1-D1D05D6C1BE4}"
EndProject
Project("{FAE04EC0-301F-11D3-BF4B-00C04F79EFBC}") = "Octokit.Reactive", "Octokit.Reactive\Octokit.Reactive.csproj", "{674B69B8-0780-4D54-AE2B-C15821FA51CB}"
EndProject
Project("{FAE04EC0-301F-11D3-BF4B-00C04F79EFBC}") = "Octokit.Reactive-Mono", "Octokit.Reactive\Octokit.Reactive-Mono.csproj", "{59AB16A2-5ED1-480F-80A1-D1D05D6C1BE4}"
EndProject
Project("{FAE04EC0-301F-11D3-BF4B-00C04F79EFBC}") = "Octokit.Tests", "Octokit.Tests\Octokit.Tests.csproj", "{149448D4-C2F2-4DF9-86BD-03E3272F093B}"
EndProject
Project("{FAE04EC0-301F-11D3-BF4B-00C04F79EFBC}") = "Octokit.Tests-Portable", "Octokit.Tests\Octokit.Tests-Portable.csproj", "{CBE29DDD-F15C-46CC-A250-E6ECF55BEED4}"
EndProject
Project("{FAE04EC0-301F-11D3-BF4B-00C04F79EFBC}") = "Octokit.Tests.Conventions", "Octokit.Tests.Conventions\Octokit.Tests.Conventions.csproj", "{5345E2E6-4E7C-40F8-831B-E491F6051D3C}"
EndProject
Global
	GlobalSection(SolutionConfigurationPlatforms) = preSolution
		Debug|x86 = Debug|x86
		Release|x86 = Release|x86
	EndGlobalSection
	GlobalSection(ProjectConfigurationPlatforms) = postSolution
		{08DD4305-7787-4823-A53F-4D0F725A07F3}.Debug|x86.ActiveCfg = Debug|Any CPU
		{08DD4305-7787-4823-A53F-4D0F725A07F3}.Debug|x86.Build.0 = Debug|Any CPU
		{08DD4305-7787-4823-A53F-4D0F725A07F3}.Release|x86.ActiveCfg = Release|Any CPU
		{08DD4305-7787-4823-A53F-4D0F725A07F3}.Release|x86.Build.0 = Release|Any CPU
		{149448D4-C2F2-4DF9-86BD-03E3272F093B}.Debug|x86.ActiveCfg = Debug|Any CPU
		{149448D4-C2F2-4DF9-86BD-03E3272F093B}.Debug|x86.Build.0 = Debug|Any CPU
		{149448D4-C2F2-4DF9-86BD-03E3272F093B}.Release|x86.ActiveCfg = Release|Any CPU
		{149448D4-C2F2-4DF9-86BD-03E3272F093B}.Release|x86.Build.0 = Release|Any CPU
		{49EF16A2-5ED1-480F-80A1-D1D05D6C1BE4}.Debug|x86.ActiveCfg = Debug|Any CPU
		{49EF16A2-5ED1-480F-80A1-D1D05D6C1BE4}.Debug|x86.Build.0 = Debug|Any CPU
		{49EF16A2-5ED1-480F-80A1-D1D05D6C1BE4}.Release|x86.ActiveCfg = Release|Any CPU
		{49EF16A2-5ED1-480F-80A1-D1D05D6C1BE4}.Release|x86.Build.0 = Release|Any CPU
		{5345E2E6-4E7C-40F8-831B-E491F6051D3C}.Debug|x86.ActiveCfg = Debug|Any CPU
		{5345E2E6-4E7C-40F8-831B-E491F6051D3C}.Debug|x86.Build.0 = Debug|Any CPU
		{5345E2E6-4E7C-40F8-831B-E491F6051D3C}.Release|x86.ActiveCfg = Release|Any CPU
		{5345E2E6-4E7C-40F8-831B-E491F6051D3C}.Release|x86.Build.0 = Release|Any CPU
		{59AB16A2-5ED1-480F-80A1-D1D05D6C1BE4}.Debug|x86.ActiveCfg = Debug|Any CPU
		{59AB16A2-5ED1-480F-80A1-D1D05D6C1BE4}.Debug|x86.Build.0 = Debug|Any CPU
		{59AB16A2-5ED1-480F-80A1-D1D05D6C1BE4}.Release|x86.ActiveCfg = Release|Any CPU
		{59AB16A2-5ED1-480F-80A1-D1D05D6C1BE4}.Release|x86.Build.0 = Release|Any CPU
		{674B69B8-0780-4D54-AE2B-C15821FA51CB}.Debug|x86.ActiveCfg = Debug|Any CPU
		{674B69B8-0780-4D54-AE2B-C15821FA51CB}.Debug|x86.Build.0 = Debug|Any CPU
		{674B69B8-0780-4D54-AE2B-C15821FA51CB}.Release|x86.ActiveCfg = Release|Any CPU
		{674B69B8-0780-4D54-AE2B-C15821FA51CB}.Release|x86.Build.0 = Release|Any CPU
		{CBE29DDD-F15C-46CC-A250-E6ECF55BEED4}.Debug|x86.ActiveCfg = Debug|Any CPU
		{CBE29DDD-F15C-46CC-A250-E6ECF55BEED4}.Debug|x86.Build.0 = Debug|Any CPU
		{CBE29DDD-F15C-46CC-A250-E6ECF55BEED4}.Release|x86.ActiveCfg = Release|Any CPU
		{CBE29DDD-F15C-46CC-A250-E6ECF55BEED4}.Release|x86.Build.0 = Release|Any CPU
		{DDB20481-E17D-4E0A-B2C0-FFFF78D4ED71}.Debug|x86.ActiveCfg = Debug|Any CPU
		{DDB20481-E17D-4E0A-B2C0-FFFF78D4ED71}.Debug|x86.Build.0 = Debug|Any CPU
		{DDB20481-E17D-4E0A-B2C0-FFFF78D4ED71}.Release|x86.ActiveCfg = Release|Any CPU
		{DDB20481-E17D-4E0A-B2C0-FFFF78D4ED71}.Release|x86.Build.0 = Release|Any CPU
	EndGlobalSection
EndGlobal
